%{
  "bamboo": {:hex, :bamboo, "0.8.0", "573889a3efcb906bb9d25a1c4caa4ca22f479235e1b8cc3260d8b88dabeb4b14", [:mix], [{:hackney, "~> 1.6", [hex: :hackney, optional: false]}, {:plug, "~> 1.0", [hex: :plug, optional: false]}, {:poison, ">= 1.5.0", [hex: :poison, optional: false]}]},
  "certifi": {:hex, :certifi, "2.0.0", "a0c0e475107135f76b8c1d5bc7efb33cd3815cb3cf3dea7aefdd174dabead064", [:rebar3], []},
  "conform": {:hex, :conform, "2.4.0", "09ced3c81630885ecd6fb1ca696f3ca58ba4d705e51dc4bab2620c304ea0f9c9", [:mix], [{:neotoma, "~> 1.7.3", [hex: :neotoma, optional: false]}]},
  "cowboy": {:hex, :cowboy, "1.1.2", "61ac29ea970389a88eca5a65601460162d370a70018afe6f949a29dca91f3bb0", [:rebar3], [{:cowlib, "~> 1.0.2", [hex: :cowlib, optional: false]}, {:ranch, "~> 1.3.2", [hex: :ranch, optional: false]}]},
  "cowlib": {:hex, :cowlib, "1.0.2", "9d769a1d062c9c3ac753096f868ca121e2730b9a377de23dec0f7e08b1df84ee", [:make], []},
  "distillery": {:hex, :distillery, "1.4.1", "546d851bf27ae8fe0727e10e4fc4e146ad836eecee138263a60431e688044ed3", [:mix], []},
  "hackney": {:hex, :hackney, "1.10.1", "c38d0ca52ea80254936a32c45bb7eb414e7a96a521b4ce76d00a69753b157f21", [:rebar3], [{:certifi, "2.0.0", [hex: :certifi, repo: "hexpm", optional: false]}, {:idna, "5.1.0", [hex: :idna, repo: "hexpm", optional: false]}, {:metrics, "1.0.1", [hex: :metrics, repo: "hexpm", optional: false]}, {:mimerl, "1.0.2", [hex: :mimerl, repo: "hexpm", optional: false]}, {:ssl_verify_fun, "1.1.1", [hex: :ssl_verify_fun, repo: "hexpm", optional: false]}], "hexpm"},
  "httpoison": {:hex, :httpoison, "1.0.0", "1f02f827148d945d40b24f0b0a89afe40bfe037171a6cf70f2486976d86921cd", [:mix], [{:hackney, "~> 1.8", [hex: :hackney, repo: "hexpm", optional: false]}], "hexpm"},
  "idna": {:hex, :idna, "5.1.0", "d72b4effeb324ad5da3cab1767cb16b17939004e789d8c0ad5b70f3cea20c89a", [:rebar3], [{:unicode_util_compat, "0.3.1", [hex: :unicode_util_compat, optional: false]}]},
  "metrics": {:hex, :metrics, "1.0.1", "25f094dea2cda98213cecc3aeff09e940299d950904393b2a29d191c346a8486", [:rebar3], []},
  "mime": {:hex, :mime, "1.1.0", "01c1d6f4083d8aa5c7b8c246ade95139620ef8effb009edde934e0ec3b28090a", [:mix], []},
  "mimerl": {:hex, :mimerl, "1.0.2", "993f9b0e084083405ed8252b99460c4f0563e41729ab42d9074fd5e52439be88", [:rebar3], []},
  "neotoma": {:hex, :neotoma, "1.7.3", "d8bd5404b73273989946e4f4f6d529e5c2088f5fa1ca790b4dbe81f4be408e61", [:rebar], []},
  "pid_file": {:hex, :pid_file, "0.1.0", "0e9677ca2e368131d8cee56257ccbc1541d3cf4b44c8c8172f761d33ae373ab5", [:mix], []},
  "plug": {:hex, :plug, "1.3.5", "7503bfcd7091df2a9761ef8cecea666d1f2cc454cbbaf0afa0b6e259203b7031", [:mix], [{:cowboy, "~> 1.0.1 or ~> 1.1", [hex: :cowboy, optional: true]}, {:mime, "~> 1.0", [hex: :mime, optional: false]}]},
  "poison": {:hex, :poison, "3.1.0", "d9eb636610e096f86f25d9a46f35a9facac35609a7591b3be3326e99a0484665", [:mix], []},
  "ranch": {:hex, :ranch, "1.3.2", "e4965a144dc9fbe70e5c077c65e73c57165416a901bd02ea899cfd95aa890986", [:rebar3], []},
  "sendgrid": {:hex, :sendgrid, "1.3.0", "42404a75ee5712705a53945aaf8c2dc0bf56d39577aa3322985ecdeef73c7e18", [:mix], [{:httpoison, "~> 0.9.0", [hex: :httpoison, optional: false]}, {:poison, "~> 2.0", [hex: :poison, optional: false]}]},
  "ssl_verify_fun": {:hex, :ssl_verify_fun, "1.1.1", "28a4d65b7f59893bc2c7de786dec1e1555bd742d336043fe644ae956c3497fbe", [:make, :rebar], []},
  "unicode_util_compat": {:hex, :unicode_util_compat, "0.3.1", "a1f612a7b512638634a603c8f401892afbf99b8ce93a45041f8aaca99cadb85e", [:rebar3], []},
}
